
Microsoft Visual Studio Solution File, Format Version 12.00
# Visual Studio Version 16
VisualStudioVersion = 16.0.32126.315
MinimumVisualStudioVersion = 10.0.40219.1
Project("{FAE04EC0-301F-11D3-BF4B-00C04F79EFBC}") = "RestaurantAPI", "RestaurantAPI\RestaurantAPI.csproj", "{E7DC1C28-C3B4-48E3-9459-AD6EDD6EE976}"
EndProject
Global
	GlobalSection(SolutionConfigurationPlatforms) = preSolution
		Debug|Any CPU = Debug|Any CPU
		Release|Any CPU = Release|Any CPU
	EndGlobalSection
	GlobalSection(ProjectConfigurationPlatforms) = postSolution
		{E7DC1C28-C3B4-48E3-9459-AD6EDD6EE976}.Debug|Any CPU.ActiveCfg = Debug|Any CPU
		{E7DC1C28-C3B4-48E3-9459-AD6EDD6EE976}.Debug|Any CPU.Build.0 = Debug|Any CPU
		{E7DC1C28-C3B4-48E3-9459-AD6EDD6EE976}.Release|Any CPU.ActiveCfg = Release|Any CPU
		{E7DC1C28-C3B4-48E3-9459-AD6EDD6EE976}.Release|Any CPU.Build.0 = Release|Any CPU
	EndGlobalSection
	GlobalSection(SolutionProperties) = preSolution
		HideSolutionNode = FALSE
	EndGlobalSection
	GlobalSection(ExtensibilityGlobals) = postSolution
		SolutionGuid = {3F57C3C5-E709-4C4C-9AE1-206AA51EA0E1}
	EndGlobalSection
EndGlobal
